
Microsoft Visual Studio Solution File, Format Version 12.00
# Visual Studio Version 17
VisualStudioVersion = 17.8.34316.72
MinimumVisualStudioVersion = 10.0.40219.1
Project("{FAE04EC0-301F-11D3-BF4B-00C04F79EFBC}") = "LibrarySystemWPF", "LibrarySystemWPF.csproj", "{46FD200E-7035-4D80-9259-53E4F8E2233C}"
EndProject
Global
	GlobalSection(SolutionConfigurationPlatforms) = preSolution
		Debug|Any CPU = Debug|Any CPU
		Release|Any CPU = Release|Any CPU
	EndGlobalSection
	GlobalSection(ProjectConfigurationPlatforms) = postSolution
		{46FD200E-7035-4D80-9259-53E4F8E2233C}.Debug|Any CPU.ActiveCfg = Debug|Any CPU
		{46FD200E-7035-4D80-9259-53E4F8E2233C}.Debug|Any CPU.Build.0 = Debug|Any CPU
		{46FD200E-7035-4D80-9259-53E4F8E2233C}.Release|Any CPU.ActiveCfg = Release|Any CPU
		{46FD200E-7035-4D80-9259-53E4F8E2233C}.Release|Any CPU.Build.0 = Release|Any CPU
	EndGlobalSection
	GlobalSection(SolutionProperties) = preSolution
		HideSolutionNode = FALSE
	EndGlobalSection
	GlobalSection(ExtensibilityGlobals) = postSolution
		SolutionGuid = {FA2807F4-CA59-4721-AAF7-02D2B484DD70}
	EndGlobalSection
EndGlobal
